{
  "version": 4,
  "terraform_version": "1.1.9",
  "serial": 13,
  "lineage": "a9829dd5-21a4-44e0-2674-731ef6ad05da",
  "outputs": {
    "external_ip_address_node01_yandex_cloud": {
      "value": "51.250.89.17",
      "type": "string"
    },
    "internal_ip_address_node01_yandex_cloud": {
      "value": "10.2.2.10",
      "type": "string"
    }
  },
  "resources": [
    {
      "mode": "managed",
      "type": "yandex_compute_instance",
      "name": "node01",
      "provider": "provider[\"registry.terraform.io/yandex-cloud/yandex\"]",
      "instances": [
        {
          "schema_version": 1,
          "attributes": {
            "allow_recreate": null,
            "allow_stopping_for_update": true,
            "boot_disk": [
              {
                "auto_delete": true,
                "device_name": "fhmod95fdqv2rur9g7su",
                "disk_id": "fhmod95fdqv2rur9g7su",
                "initialize_params": [
                  {
                    "block_size": 4096,
                    "description": "",
                    "image_id": "fd896q550bd5lrl98s50",
                    "name": "root-node01",
                    "size": 50,
                    "snapshot_id": "",
                    "type": "network-ssd"
                  }
                ],
                "mode": "READ_WRITE"
              }
            ],
            "created_at": "2022-05-23T13:03:35Z",
            "description": "",
            "folder_id": "b1gvdbuk58mjmj0h5lv2",
            "fqdn": "node01.netology.cloud",
            "hostname": "node01",
            "id": "fhmlqie43pg9u4mmgq8r",
            "labels": null,
            "metadata": {
              "ssh-keys": "centos:ssh-rsa AAAAB3NzaC1yc2EAAAADAQABAAABgQDuZqkdk1e5Y0Cid47tkBqvDOz4tqGqc5clrgzA2tfrPvbkXv6k36Xm5r6V6ZQ9TpZ0YFSpnv9RoptAxV+5t67sltz+r+LY6zTSRl8cRn0bYU5Mlo//7OIqm9TG1dS+cizk+aCxQlTasQt2J90PgKxThAmitGGdgpYKiFHlRujAZWXYs2kibZ4RDGreEMC4wUS6dAFknanITwjpZqauOn0ieLhQf7/YwJEV+iZnMb7j5m81djBs8xEAlZwWNt4FlxJoZxycM/zVw7Iq0ie7Gm+OyfkLDxe4VldqdSdlhEBRME5owwUc83tQczyJDji2owZvylJf+ZHpgQ91AEkMyysWvj2ryz/yi1cLtJwCOOYu9rviQIZXDBOUqaLevhHRTCaKswXv5EjOx7zATuKxasob0QzOUI4sqB81dWN2RTAlnZZE2TIbmRO9247ylFSBKkve87gmYmEee3WZ670p4ZcxNQlrrCYWkb5B7FXjJPfn+RVrIYe2nMYARa+wG5nNNjM= astorf@ubuntu\n"
            },
            "name": "node01",
            "network_acceleration_type": "standard",
            "network_interface": [
              {
                "dns_record": [],
                "index": 0,
                "ip_address": "10.2.2.10",
                "ipv4": true,
                "ipv6": false,
                "ipv6_address": "",
                "ipv6_dns_record": [],
                "mac_address": "d0:0d:15:d4:9c:41",
                "nat": true,
                "nat_dns_record": [],
                "nat_ip_address": "51.250.89.17",
                "nat_ip_version": "IPV4",
                "security_group_ids": [],
                "subnet_id": "e9bq5io8hmd81e4gvr5u"
              }
            ],
            "placement_policy": [
              {
                "host_affinity_rules": [],
                "placement_group_id": ""
              }
            ],
            "platform_id": "standard-v1",
            "resources": [
              {
                "core_fraction": 100,
                "cores": 8,
                "gpus": 0,
                "memory": 8
              }
            ],
            "scheduling_policy": [
              {
                "preemptible": false
              }
            ],
            "secondary_disk": [],
            "service_account_id": "",
            "status": "running",
            "timeouts": null,
            "zone": "ru-central1-a"
          },
          "sensitive_attributes": [],
          "private": "eyJlMmJmYjczMC1lY2FhLTExZTYtOGY4OC0zNDM2M2JjN2M0YzAiOnsiY3JlYXRlIjozMDAwMDAwMDAwMDAsImRlbGV0ZSI6MzAwMDAwMDAwMDAwLCJ1cGRhdGUiOjMwMDAwMDAwMDAwMH0sInNjaGVtYV92ZXJzaW9uIjoiMSJ9",
          "dependencies": [
            "yandex_vpc_network.default",
            "yandex_vpc_subnet.default"
          ]
        }
      ]
    },
    {
      "mode": "managed",
      "type": "yandex_compute_instance",
      "name": "node02",
      "provider": "provider[\"registry.terraform.io/yandex-cloud/yandex\"]",
      "instances": [
        {
          "schema_version": 1,
          "attributes": {
            "allow_recreate": null,
            "allow_stopping_for_update": true,
            "boot_disk": [
              {
                "auto_delete": true,
                "device_name": "fhms27p4h7p5strrfv0d",
                "disk_id": "fhms27p4h7p5strrfv0d",
                "initialize_params": [
                  {
                    "block_size": 4096,
                    "description": "",
                    "image_id": "fd896q550bd5lrl98s50",
                    "name": "root-node02",
                    "size": 10,
                    "snapshot_id": "",
                    "type": "network-ssd"
                  }
                ],
                "mode": "READ_WRITE"
              }
            ],
            "created_at": "2022-05-23T13:03:35Z",
            "description": "",
            "folder_id": "b1gvdbuk58mjmj0h5lv2",
            "fqdn": "node02.netology.yc",
            "hostname": "node02",
            "id": "fhmubu8v8vfsenhip75l",
            "labels": null,
            "metadata": {
              "ssh-keys": "centos:ssh-rsa AAAAB3NzaC1yc2EAAAADAQABAAABgQDuZqkdk1e5Y0Cid47tkBqvDOz4tqGqc5clrgzA2tfrPvbkXv6k36Xm5r6V6ZQ9TpZ0YFSpnv9RoptAxV+5t67sltz+r+LY6zTSRl8cRn0bYU5Mlo//7OIqm9TG1dS+cizk+aCxQlTasQt2J90PgKxThAmitGGdgpYKiFHlRujAZWXYs2kibZ4RDGreEMC4wUS6dAFknanITwjpZqauOn0ieLhQf7/YwJEV+iZnMb7j5m81djBs8xEAlZwWNt4FlxJoZxycM/zVw7Iq0ie7Gm+OyfkLDxe4VldqdSdlhEBRME5owwUc83tQczyJDji2owZvylJf+ZHpgQ91AEkMyysWvj2ryz/yi1cLtJwCOOYu9rviQIZXDBOUqaLevhHRTCaKswXv5EjOx7zATuKxasob0QzOUI4sqB81dWN2RTAlnZZE2TIbmRO9247ylFSBKkve87gmYmEee3WZ670p4ZcxNQlrrCYWkb5B7FXjJPfn+RVrIYe2nMYARa+wG5nNNjM= astorf@ubuntu\n"
            },
            "name": "node02",
            "network_acceleration_type": "standard",
            "network_interface": [
              {
                "dns_record": [],
                "index": 0,
                "ip_address": "10.2.2.11",
                "ipv4": true,
                "ipv6": false,
                "ipv6_address": "",
                "ipv6_dns_record": [],
                "mac_address": "d0:0d:1e:5f:91:f4",
                "nat": true,
                "nat_dns_record": [],
                "nat_ip_address": "51.250.86.213",
                "nat_ip_version": "IPV4",
                "security_group_ids": [],
                "subnet_id": "e9bq5io8hmd81e4gvr5u"
              }
            ],
            "placement_policy": [
              {
                "host_affinity_rules": [],
                "placement_group_id": ""
              }
            ],
            "platform_id": "standard-v1",
            "resources": [
              {
                "core_fraction": 100,
                "cores": 4,
                "gpus": 0,
                "memory": 8
              }
            ],
            "scheduling_policy": [
              {
                "preemptible": false
              }
            ],
            "secondary_disk": [],
            "service_account_id": "",
            "status": "running",
            "timeouts": null,
            "zone": "ru-central1-a"
          },
          "sensitive_attributes": [],
          "private": "eyJlMmJmYjczMC1lY2FhLTExZTYtOGY4OC0zNDM2M2JjN2M0YzAiOnsiY3JlYXRlIjozMDAwMDAwMDAwMDAsImRlbGV0ZSI6MzAwMDAwMDAwMDAwLCJ1cGRhdGUiOjMwMDAwMDAwMDAwMH0sInNjaGVtYV92ZXJzaW9uIjoiMSJ9",
          "dependencies": [
            "yandex_vpc_network.default",
            "yandex_vpc_subnet.default"
          ]
        }
      ]
    },
    {
      "mode": "managed",
      "type": "yandex_vpc_network",
      "name": "default",
      "provider": "provider[\"registry.terraform.io/yandex-cloud/yandex\"]",
      "instances": [
        {
          "schema_version": 0,
          "attributes": {
            "created_at": "2022-05-23T13:03:31Z",
            "default_security_group_id": "",
            "description": "",
            "folder_id": "b1gvdbuk58mjmj0h5lv2",
            "id": "enpd02huccjqjo1s6dhj",
            "labels": {},
            "name": "net",
            "subnet_ids": [],
            "timeouts": null
          },
          "sensitive_attributes": [],
          "private": "eyJlMmJmYjczMC1lY2FhLTExZTYtOGY4OC0zNDM2M2JjN2M0YzAiOnsiY3JlYXRlIjo2MDAwMDAwMDAwMCwiZGVsZXRlIjo2MDAwMDAwMDAwMCwidXBkYXRlIjo2MDAwMDAwMDAwMH19"
        }
      ]
    },
    {
      "mode": "managed",
      "type": "yandex_vpc_subnet",
      "name": "default",
      "provider": "provider[\"registry.terraform.io/yandex-cloud/yandex\"]",
      "instances": [
        {
          "schema_version": 0,
          "attributes": {
            "created_at": "2022-05-23T13:03:33Z",
            "description": "",
            "dhcp_options": [],
            "folder_id": "b1gvdbuk58mjmj0h5lv2",
            "id": "e9bq5io8hmd81e4gvr5u",
            "labels": {},
            "name": "subnet",
            "network_id": "enpd02huccjqjo1s6dhj",
            "route_table_id": "",
            "timeouts": null,
            "v4_cidr_blocks": [
              "10.2.2.0/24"
            ],
            "v6_cidr_blocks": [],
            "zone": "ru-central1-a"
          },
          "sensitive_attributes": [],
          "private": "eyJlMmJmYjczMC1lY2FhLTExZTYtOGY4OC0zNDM2M2JjN2M0YzAiOnsiY3JlYXRlIjoxODAwMDAwMDAwMDAsImRlbGV0ZSI6MTgwMDAwMDAwMDAwLCJ1cGRhdGUiOjE4MDAwMDAwMDAwMH19",
          "dependencies": [
            "yandex_vpc_network.default"
          ]
        }
      ]
    }
  ]
}
